<?xml version="1.0" encoding="utf-8"?>
<Project ToolsVersion="4.0" xmlns="http://schemas.microsoft.com/developer/msbuild/2003">
  <ItemGroup>
    <Filter Include="Source Files">
      <UniqueIdentifier>{4FC737F1-C7A5-4376-A066-2A32D752A2FF}</UniqueIdentifier>
      <Extensions>cpp;c;cc;cxx;def;odl;idl;hpj;bat;asm;asmx</Extensions>
    </Filter>
    <Filter Include="Win32Res">
      <UniqueIdentifier>{67DA6AB6-F800-4c08-8B7A-83BB121AAD01}</UniqueIdentifier>
      <Extensions>rc;ico;cur;bmp;dlg;rc2;rct;bin;rgs;gif;jpg;jpeg;jpe;resx;tiff;tif;png;wav</Extensions>
    </Filter>
    <Filter Include="Resources">
      <UniqueIdentifier>{626bcf2d-a267-4d2f-93bb-60f6da286a81}</UniqueIdentifier>
    </Filter>
    <Filter Include="Resources\Shaders">
      <UniqueIdentifier>{c2de155c-5795-435c-8d67-15b1d43d5b3a}</UniqueIdentifier>
    </Filter>
    <Filter Include="Resources\Textures">
      <UniqueIdentifier>{ca8ef1a5-2d0e-4b9d-872e-0933f762c2d2}</UniqueIdentifier>
    </Filter>
    <Filter Include="Resources\Models">
      <UniqueIdentifier>{c9be9877-1f82-4ff6-9d1d-fe75684e56da}</UniqueIdentifier>
    </Filter>
    <Filter Include="Source Files\GameObject">
      <UniqueIdentifier>{62f0bf80-1c18-4855-afff-9499eb8686b4}</UniqueIdentifier>
    </Filter>
    <Filter Include="Source Files\GameManager">
      <UniqueIdentifier>{1087d97c-08f2-4b86-a5e0-2d11873ab0ad}</UniqueIdentifier>
    </Filter>
    <Filter Include="Resources\Shaders\Header Files">
      <UniqueIdentifier>{93995380-89BD-4b04-88EB-625FBE52EBFB}</UniqueIdentifier>
      <Extensions>h;hpp;hxx;hm;inl;inc;xsd</Extensions>
    </Filter>
    <Filter Include="Resources\Fonts">
      <UniqueIdentifier>{830cb43d-b007-4c51-a2da-ddc8929d846b}</UniqueIdentifier>
    </Filter>
  </ItemGroup>
  <ItemGroup>
    <ClCompile Include="NewTrainingFramework.cpp">
      <Filter>Source Files</Filter>
    </ClCompile>
    <ClCompile Include="stdafx.cpp">
      <Filter>Source Files</Filter>
    </ClCompile>
    <ClCompile Include="GameObject\Model.cpp">
      <Filter>Source Files\GameObject</Filter>
    </ClCompile>
    <ClCompile Include="GameManager\ResourceManager.cpp">
      <Filter>Source Files\GameManager</Filter>
    </ClCompile>
    <ClCompile Include="GameManager\Scene.cpp">
      <Filter>Source Files\GameManager</Filter>
    </ClCompile>
    <ClCompile Include="GameObject\Textures.cpp">
      <Filter>Source Files\GameObject</Filter>
    </ClCompile>
    <ClCompile Include="Shaders.cpp">
      <Filter>Source Files</Filter>
    </ClCompile>
    <ClCompile Include="Camera.cpp">
      <Filter>Source Files\GameObject</Filter>
    </ClCompile>
    <ClCompile Include="GameObject\Object.cpp">
      <Filter>Source Files\GameObject</Filter>
    </ClCompile>
    <ClCompile Include="GameManager\GameStateMachine.cpp">
      <Filter>Source Files\GameManager</Filter>
    </ClCompile>
    <ClCompile Include="GameManager\GSMenu.cpp">
      <Filter>Source Files\GameManager</Filter>
    </ClCompile>
    <ClCompile Include="GameManager\GSPause.cpp">
      <Filter>Source Files\GameManager</Filter>
    </ClCompile>
    <ClCompile Include="GameManager\GSPlay.cpp">
      <Filter>Source Files\GameManager</Filter>
    </ClCompile>
    <ClCompile Include="GameManager\GSIntro.cpp">
      <Filter>Source Files\GameManager</Filter>
    </ClCompile>
    <ClCompile Include="GameObject\GameButton.cpp">
      <Filter>Source Files\GameObject</Filter>
    </ClCompile>
    <ClCompile Include="GameObject\TextRenderer.cpp">
      <Filter>Source Files\GameObject</Filter>
    </ClCompile>
    <ClCompile Include="GameObject\SpriteAnimation.cpp">
      <Filter>Source Files\GameObject</Filter>
    </ClCompile>
  </ItemGroup>
  <ItemGroup>
    <ClInclude Include="Globals.h">
      <Filter>Resources\Shaders\Header Files</Filter>
    </ClInclude>
    <ClInclude Include="stdafx.h">
      <Filter>Resources\Shaders\Header Files</Filter>
    </ClInclude>
    <ClInclude Include="targetver.h">
      <Filter>Resources\Shaders\Header Files</Filter>
    </ClInclude>
    <ClInclude Include="Vertex.h">
      <Filter>Resources\Shaders\Header Files</Filter>
    </ClInclude>
    <ClInclude Include="resource.h">
      <Filter>Resources\Shaders\Header Files</Filter>
    </ClInclude>
    <ClInclude Include="GameObject\Model.h">
      <Filter>Resources\Shaders\Header Files</Filter>
    </ClInclude>
    <ClInclude Include="GameObject\Object.h">
      <Filter>Resources\Shaders\Header Files</Filter>
    </ClInclude>
    <ClInclude Include="GameObject\Textures.h">
      <Filter>Resources\Shaders\Header Files</Filter>
    </ClInclude>
    <ClInclude Include="GameManager\Scene.h">
      <Filter>Resources\Shaders\Header Files</Filter>
    </ClInclude>
    <ClInclude Include="GameManager\ResourceManager.h">
      <Filter>Resources\Shaders\Header Files</Filter>
    </ClInclude>
    <ClInclude Include="Shaders.h">
      <Filter>Resources\Shaders\Header Files</Filter>
    </ClInclude>
    <ClInclude Include="GameObject\Camera.h">
      <Filter>Resources\Shaders\Header Files</Filter>
    </ClInclude>
    <ClInclude Include="GameManager\GameStateBase.h">
      <Filter>Resources\Shaders\Header Files</Filter>
    </ClInclude>
    <ClInclude Include="GameManager\GameStateMachine.h">
      <Filter>Source Files\GameManager</Filter>
    </ClInclude>
    <ClInclude Include="GameManager\GSMenu.h">
      <Filter>Source Files\GameManager</Filter>
    </ClInclude>
    <ClInclude Include="GameManager\GSPlay.h">
      <Filter>Source Files\GameManager</Filter>
    </ClInclude>
    <ClInclude Include="GameManager\GSPause.h">
      <Filter>Source Files\GameManager</Filter>
    </ClInclude>
    <ClInclude Include="GameManager\GSIntro.h">
      <Filter>Source Files\GameManager</Filter>
    </ClInclude>
    <ClInclude Include="GameObject\GameButton.h">
      <Filter>Source Files\GameObject</Filter>
    </ClInclude>
    <ClInclude Include="GameObject\TextRenderer.h">
      <Filter>Source Files\GameObject</Filter>
    </ClInclude>
    <ClInclude Include="GameObject\SpriteAnimation.h">
      <Filter>Source Files\GameObject</Filter>
    </ClInclude>
  </ItemGroup>
  <ItemGroup>
    <None Include="..\Resources\Shaders\TriangleShaderFS.fs">
      <Filter>Resources\Shaders</Filter>
    </None>
    <None Include="..\Resources\Shaders\TriangleShaderVS.vs">
      <Filter>Resources\Shaders</Filter>
    </None>
    <None Include="..\..\Readme.doc" />
    <None Include="..\Resources\Models\Woman1.nfg">
      <Filter>Resources\Models</Filter>
    </None>
    <None Include="..\Resources\Models\Woman2.nfg">
      <Filter>Resources\Models</Filter>
    </None>
    <None Include="..\Resources\Models\Sprite2D.nfg">
      <Filter>Resources\Models</Filter>
    </None>
    <None Include="..\Resources\Shaders\Shadertext.vs">
      <Filter>Resources\Shaders</Filter>
    </None>
    <None Include="..\Resources\Shaders\Shadertext.fs">
      <Filter>Resources\Shaders</Filter>
    </None>
    <None Include="..\Resources\Shaders\AnimationShaderVS.vs">
      <Filter>Resources\Shaders</Filter>
    </None>
    <None Include="..\Resources\Shaders\AnimationShaderFS.fs">
      <Filter>Resources\Shaders</Filter>
    </None>
  </ItemGroup>
  <ItemGroup>
    <ResourceCompile Include="NewTrainingFramework.rc">
      <Filter>Win32Res</Filter>
    </ResourceCompile>
  </ItemGroup>
  <ItemGroup>
    <Image Include="..\..\..\Downloads\ResourcesPacket\ResourcesPacket\Textures\Woman2.tga">
      <Filter>Resources\Textures</Filter>
    </Image>
    <Image Include="..\..\..\Downloads\ResourcesPacket\ResourcesPacket\Textures\Woman1.tga">
      <Filter>Resources\Textures</Filter>
    </Image>
    <Image Include="..\Resources\Textures\bg_play1.tga">
      <Filter>Resources\Textures</Filter>
    </Image>
    <Image Include="..\Resources\Textures\btn_close.tga">
      <Filter>Resources\Textures</Filter>
    </Image>
    <Image Include="..\Resources\Textures\btn_help.tga">
      <Filter>Resources\Textures</Filter>
    </Image>
    <Image Include="..\Resources\Textures\btn_menu.tga">
      <Filter>Resources\Textures</Filter>
    </Image>
    <Image Include="..\Resources\Textures\btn_play.tga">
      <Filter>Resources\Textures</Filter>
    </Image>
  </ItemGroup>
  <ItemGroup>
    <Text Include="GameManager\ResourceManager.txt">
      <Filter>Source Files\GameManager</Filter>
    </Text>
  </ItemGroup>
  <ItemGroup>
    <Font Include="..\..\..\Downloads\arial-font\arial.ttf">
      <Filter>Resources\Fonts</Filter>
    </Font>
  </ItemGroup>
</Project>